
Microsoft Visual Studio Solution File, Format Version 12.00
# Visual Studio 2012
Project("{2150E333-8FDC-42A3-9474-1A3956D46DE8}") = ".nuget", ".nuget", "{2CD81FCD-29E8-4B81-A3C8-C3F82632B787}"
	ProjectSection(SolutionItems) = preProject
		.nuget\NuGet.Config = .nuget\NuGet.Config
		.nuget\NuGet.exe = .nuget\NuGet.exe
		.nuget\NuGet.targets = .nuget\NuGet.targets
	EndProjectSection
EndProject
Project("{2150E333-8FDC-42A3-9474-1A3956D46DE8}") = "Web", "Web", "{CECFF616-03E5-4CFA-AC3E-AB031C27A0F2}"
EndProject
Project("{FAE04EC0-301F-11D3-BF4B-00C04F79EFBC}") = "BLOWING.COM.PedestrianWebPoint", "PedestrianWebPoint.BLOWING.COM\BLOWING.COM.PedestrianWebPoint.csproj", "{D0963A56-BCE0-45E1-855F-13FE3A23B307}"
EndProject
Project("{FAE04EC0-301F-11D3-BF4B-00C04F79EFBC}") = "BLOWING.COM.BLL", "BLOWING.COM.BLL\BLOWING.COM.BLL.csproj", "{40635142-224F-4F7D-82EA-E50F82EA93CC}"
EndProject
Project("{FAE04EC0-301F-11D3-BF4B-00C04F79EFBC}") = "BLOWING.COM.IBLL", "BLOWING.COM.IBLL\BLOWING.COM.IBLL.csproj", "{6100C003-BD9E-4DDE-AD00-D3E1D04B066E}"
EndProject
Project("{FAE04EC0-301F-11D3-BF4B-00C04F79EFBC}") = "BLOWING.COM.DAL", "BLOWING.COM.DAL\BLOWING.COM.DAL.csproj", "{62039EDB-F92F-436B-BB68-A70FA91AE5A7}"
EndProject
Project("{FAE04EC0-301F-11D3-BF4B-00C04F79EFBC}") = "BLOWING.COM.IDAL", "BLOWING.COM.IDAL\BLOWING.COM.IDAL.csproj", "{4AE98CA3-277D-4ED8-9430-027368E6697E}"
EndProject
Project("{FAE04EC0-301F-11D3-BF4B-00C04F79EFBC}") = "BLOWING.COM.BLLFACTORY", "BLOWING.COM.BLLFACTORY\BLOWING.COM.BLLFACTORY.csproj", "{B6616E8F-5034-44F8-A712-127305DAD369}"
EndProject
Project("{FAE04EC0-301F-11D3-BF4B-00C04F79EFBC}") = "BLOWING.COM.MODEL", "BLOWING.COM.MODEL\BLOWING.COM.MODEL.csproj", "{2D3C45BF-58EE-4D74-8EF5-0BC5EE7C6798}"
EndProject
Project("{FAE04EC0-301F-11D3-BF4B-00C04F79EFBC}") = "BLOWING.COM.COMMON", "BLOWING.COM.COMMON\BLOWING.COM.COMMON.csproj", "{EEB9854E-80EA-4654-8EC2-26A2F1894695}"
EndProject
Project("{FAE04EC0-301F-11D3-BF4B-00C04F79EFBC}") = "BLOWING.COM.BLLUNIT", "BLOWING.COM.BLLUNIT\BLOWING.COM.BLLUNIT.csproj", "{AC35092F-DFF3-4D32-AF1F-EAB7249A5542}"
EndProject
Global
	GlobalSection(SolutionConfigurationPlatforms) = preSolution
		Debug|Any CPU = Debug|Any CPU
		Release|Any CPU = Release|Any CPU
	EndGlobalSection
	GlobalSection(ProjectConfigurationPlatforms) = postSolution
		{D0963A56-BCE0-45E1-855F-13FE3A23B307}.Debug|Any CPU.ActiveCfg = Debug|Any CPU
		{D0963A56-BCE0-45E1-855F-13FE3A23B307}.Debug|Any CPU.Build.0 = Debug|Any CPU
		{D0963A56-BCE0-45E1-855F-13FE3A23B307}.Release|Any CPU.ActiveCfg = Release|Any CPU
		{D0963A56-BCE0-45E1-855F-13FE3A23B307}.Release|Any CPU.Build.0 = Release|Any CPU
		{40635142-224F-4F7D-82EA-E50F82EA93CC}.Debug|Any CPU.ActiveCfg = Debug|Any CPU
		{40635142-224F-4F7D-82EA-E50F82EA93CC}.Debug|Any CPU.Build.0 = Debug|Any CPU
		{40635142-224F-4F7D-82EA-E50F82EA93CC}.Release|Any CPU.ActiveCfg = Release|Any CPU
		{40635142-224F-4F7D-82EA-E50F82EA93CC}.Release|Any CPU.Build.0 = Release|Any CPU
		{6100C003-BD9E-4DDE-AD00-D3E1D04B066E}.Debug|Any CPU.ActiveCfg = Debug|Any CPU
		{6100C003-BD9E-4DDE-AD00-D3E1D04B066E}.Debug|Any CPU.Build.0 = Debug|Any CPU
		{6100C003-BD9E-4DDE-AD00-D3E1D04B066E}.Release|Any CPU.ActiveCfg = Release|Any CPU
		{6100C003-BD9E-4DDE-AD00-D3E1D04B066E}.Release|Any CPU.Build.0 = Release|Any CPU
		{62039EDB-F92F-436B-BB68-A70FA91AE5A7}.Debug|Any CPU.ActiveCfg = Debug|Any CPU
		{62039EDB-F92F-436B-BB68-A70FA91AE5A7}.Debug|Any CPU.Build.0 = Debug|Any CPU
		{62039EDB-F92F-436B-BB68-A70FA91AE5A7}.Release|Any CPU.ActiveCfg = Release|Any CPU
		{62039EDB-F92F-436B-BB68-A70FA91AE5A7}.Release|Any CPU.Build.0 = Release|Any CPU
		{4AE98CA3-277D-4ED8-9430-027368E6697E}.Debug|Any CPU.ActiveCfg = Debug|Any CPU
		{4AE98CA3-277D-4ED8-9430-027368E6697E}.Debug|Any CPU.Build.0 = Debug|Any CPU
		{4AE98CA3-277D-4ED8-9430-027368E6697E}.Release|Any CPU.ActiveCfg = Release|Any CPU
		{4AE98CA3-277D-4ED8-9430-027368E6697E}.Release|Any CPU.Build.0 = Release|Any CPU
		{B6616E8F-5034-44F8-A712-127305DAD369}.Debug|Any CPU.ActiveCfg = Debug|Any CPU
		{B6616E8F-5034-44F8-A712-127305DAD369}.Debug|Any CPU.Build.0 = Debug|Any CPU
		{B6616E8F-5034-44F8-A712-127305DAD369}.Release|Any CPU.ActiveCfg = Release|Any CPU
		{B6616E8F-5034-44F8-A712-127305DAD369}.Release|Any CPU.Build.0 = Release|Any CPU
		{2D3C45BF-58EE-4D74-8EF5-0BC5EE7C6798}.Debug|Any CPU.ActiveCfg = Debug|Any CPU
		{2D3C45BF-58EE-4D74-8EF5-0BC5EE7C6798}.Debug|Any CPU.Build.0 = Debug|Any CPU
		{2D3C45BF-58EE-4D74-8EF5-0BC5EE7C6798}.Release|Any CPU.ActiveCfg = Release|Any CPU
		{2D3C45BF-58EE-4D74-8EF5-0BC5EE7C6798}.Release|Any CPU.Build.0 = Release|Any CPU
		{EEB9854E-80EA-4654-8EC2-26A2F1894695}.Debug|Any CPU.ActiveCfg = Debug|Any CPU
		{EEB9854E-80EA-4654-8EC2-26A2F1894695}.Debug|Any CPU.Build.0 = Debug|Any CPU
		{EEB9854E-80EA-4654-8EC2-26A2F1894695}.Release|Any CPU.ActiveCfg = Release|Any CPU
		{EEB9854E-80EA-4654-8EC2-26A2F1894695}.Release|Any CPU.Build.0 = Release|Any CPU
		{AC35092F-DFF3-4D32-AF1F-EAB7249A5542}.Debug|Any CPU.ActiveCfg = Debug|Any CPU
		{AC35092F-DFF3-4D32-AF1F-EAB7249A5542}.Debug|Any CPU.Build.0 = Debug|Any CPU
		{AC35092F-DFF3-4D32-AF1F-EAB7249A5542}.Release|Any CPU.ActiveCfg = Release|Any CPU
		{AC35092F-DFF3-4D32-AF1F-EAB7249A5542}.Release|Any CPU.Build.0 = Release|Any CPU
	EndGlobalSection
	GlobalSection(SolutionProperties) = preSolution
		HideSolutionNode = FALSE
	EndGlobalSection
EndGlobal
